
Microsoft Visual Studio Solution File, Format Version 12.00
# Visual Studio Version 17
VisualStudioVersion = 17.8.34511.84
MinimumVisualStudioVersion = 10.0.40219.1
Project("{FAE04EC0-301F-11D3-BF4B-00C04F79EFBC}") = "MyStore", "MyStore\MyStore.csproj", "{77DA1F7B-0E7A-4CF7-9619-6DCF85CA4362}"
EndProject
Global
	GlobalSection(SolutionConfigurationPlatforms) = preSolution
		Debug|Any CPU = Debug|Any CPU
		Release|Any CPU = Release|Any CPU
	EndGlobalSection
	GlobalSection(ProjectConfigurationPlatforms) = postSolution
		{77DA1F7B-0E7A-4CF7-9619-6DCF85CA4362}.Debug|Any CPU.ActiveCfg = Debug|Any CPU
		{77DA1F7B-0E7A-4CF7-9619-6DCF85CA4362}.Debug|Any CPU.Build.0 = Debug|Any CPU
		{77DA1F7B-0E7A-4CF7-9619-6DCF85CA4362}.Release|Any CPU.ActiveCfg = Release|Any CPU
		{77DA1F7B-0E7A-4CF7-9619-6DCF85CA4362}.Release|Any CPU.Build.0 = Release|Any CPU
	EndGlobalSection
	GlobalSection(SolutionProperties) = preSolution
		HideSolutionNode = FALSE
	EndGlobalSection
	GlobalSection(ExtensibilityGlobals) = postSolution
		SolutionGuid = {D9A8C69F-4001-4917-A871-D81BDAE6B082}
	EndGlobalSection
EndGlobal
